
Microsoft Visual Studio Solution File, Format Version 12.00
# Visual Studio Version 16
VisualStudioVersion = 16.0.31205.134
MinimumVisualStudioVersion = 10.0.40219.1
Project("{FAE04EC0-301F-11D3-BF4B-00C04F79EFBC}") = "MVCApp", "MVCApp\MVCApp.csproj", "{F09EA7AF-A2CA-47E0-ACFC-B281740FD3FE}"
EndProject
Project("{FAE04EC0-301F-11D3-BF4B-00C04F79EFBC}") = "DataLibrary", "DataLibrary\DataLibrary.csproj", "{C10BCF11-9633-4225-85A6-1328EE22AA30}"
EndProject
Project("{00D1A9C2-B5F0-4AF3-8072-F6C62B433612}") = "MVCDemoDB", "DemoDB\MVCDemoDB.sqlproj", "{BFF1169E-8B7A-47C5-883A-6A5EAFC7D169}"
EndProject
Global
	GlobalSection(SolutionConfigurationPlatforms) = preSolution
		Debug|Any CPU = Debug|Any CPU
		Release|Any CPU = Release|Any CPU
	EndGlobalSection
	GlobalSection(ProjectConfigurationPlatforms) = postSolution
		{F09EA7AF-A2CA-47E0-ACFC-B281740FD3FE}.Debug|Any CPU.ActiveCfg = Debug|Any CPU
		{F09EA7AF-A2CA-47E0-ACFC-B281740FD3FE}.Debug|Any CPU.Build.0 = Debug|Any CPU
		{F09EA7AF-A2CA-47E0-ACFC-B281740FD3FE}.Release|Any CPU.ActiveCfg = Release|Any CPU
		{F09EA7AF-A2CA-47E0-ACFC-B281740FD3FE}.Release|Any CPU.Build.0 = Release|Any CPU
		{C10BCF11-9633-4225-85A6-1328EE22AA30}.Debug|Any CPU.ActiveCfg = Debug|Any CPU
		{C10BCF11-9633-4225-85A6-1328EE22AA30}.Debug|Any CPU.Build.0 = Debug|Any CPU
		{C10BCF11-9633-4225-85A6-1328EE22AA30}.Release|Any CPU.ActiveCfg = Release|Any CPU
		{C10BCF11-9633-4225-85A6-1328EE22AA30}.Release|Any CPU.Build.0 = Release|Any CPU
		{BFF1169E-8B7A-47C5-883A-6A5EAFC7D169}.Debug|Any CPU.ActiveCfg = Debug|Any CPU
		{BFF1169E-8B7A-47C5-883A-6A5EAFC7D169}.Debug|Any CPU.Build.0 = Debug|Any CPU
		{BFF1169E-8B7A-47C5-883A-6A5EAFC7D169}.Debug|Any CPU.Deploy.0 = Debug|Any CPU
		{BFF1169E-8B7A-47C5-883A-6A5EAFC7D169}.Release|Any CPU.ActiveCfg = Release|Any CPU
		{BFF1169E-8B7A-47C5-883A-6A5EAFC7D169}.Release|Any CPU.Build.0 = Release|Any CPU
		{BFF1169E-8B7A-47C5-883A-6A5EAFC7D169}.Release|Any CPU.Deploy.0 = Release|Any CPU
	EndGlobalSection
	GlobalSection(SolutionProperties) = preSolution
		HideSolutionNode = FALSE
	EndGlobalSection
	GlobalSection(ExtensibilityGlobals) = postSolution
		SolutionGuid = {A820D120-6214-400F-94BB-61CDEB4405F3}
	EndGlobalSection
EndGlobal
